
Microsoft Visual Studio Solution File, Format Version 12.00
# Visual Studio Version 16
VisualStudioVersion = 16.0.29025.244
MinimumVisualStudioVersion = 10.0.40219.1
Project("{FAE04EC0-301F-11D3-BF4B-00C04F79EFBC}") = "snake", "snake\snake.csproj", "{61D9ED37-FD24-43A5-91ED-C3458F8F21C1}"
EndProject
Global
	GlobalSection(SolutionConfigurationPlatforms) = preSolution
		Debug|Any CPU = Debug|Any CPU
		Release|Any CPU = Release|Any CPU
	EndGlobalSection
	GlobalSection(ProjectConfigurationPlatforms) = postSolution
		{61D9ED37-FD24-43A5-91ED-C3458F8F21C1}.Debug|Any CPU.ActiveCfg = Debug|Any CPU
		{61D9ED37-FD24-43A5-91ED-C3458F8F21C1}.Debug|Any CPU.Build.0 = Debug|Any CPU
		{61D9ED37-FD24-43A5-91ED-C3458F8F21C1}.Release|Any CPU.ActiveCfg = Release|Any CPU
		{61D9ED37-FD24-43A5-91ED-C3458F8F21C1}.Release|Any CPU.Build.0 = Release|Any CPU
	EndGlobalSection
	GlobalSection(SolutionProperties) = preSolution
		HideSolutionNode = FALSE
	EndGlobalSection
	GlobalSection(ExtensibilityGlobals) = postSolution
		SolutionGuid = {01972CE2-5A00-41BD-99BD-F8906A898783}
	EndGlobalSection
EndGlobal
